version = 1
revision = 2
requires-python = ">=3.10"

[[package]]
name = "boto3"
version = "1.39.3"
source = { registry = "https://pypi.org/simple" }
dependencies = [
    { name = "botocore" },
    { name = "jmespath" },
    { name = "s3transfer" },
]
sdist = { url = "https://files.pythonhosted.org/packages/02/42/712a74bb86d06538c55067a35b8a82c57aa303eba95b2b1ee91c829288f4/boto3-1.39.3.tar.gz", hash = "sha256:0a367106497649ae3d8a7b571b8c3be01b7b935a0fe303d4cc2574ed03aecbb4", size = 111838, upload-time = "2025-07-03T19:26:00.988Z" }
wheels = [
    { url = "https://files.pythonhosted.org/packages/15/70/723d2ab259aeaed6c96e5c1857ebe7d474ed9aa8f487dea352c60f33798f/boto3-1.39.3-py3-none-any.whl", hash = "sha256:056cfa2440fe1a157a7c2be897c749c83e1a322144aa4dad889f2fca66571019", size = 139906, upload-time = "2025-07-03T19:25:58.803Z" },
]

[[package]]
name = "boto3-stubs"
version = "1.39.3"
source = { registry = "https://pypi.org/simple" }
dependencies = [
    { name = "botocore-stubs" },
    { name = "types-s3transfer" },
    { name = "typing-extensions", marker = "python_full_version < '3.12'" },
]
sdist = { url = "https://files.pythonhosted.org/packages/f0/ea/85b9940d6eedc04d0c6febf24d27311b6ee54f85ccc37192eb4db0dff5d6/boto3_stubs-1.39.3.tar.gz", hash = "sha256:9aad443b1d690951fd9ccb6fa20ad387bd0b1054c704566ff65dd0043a63fc26", size = 99947, upload-time = "2025-07-03T19:28:15.602Z" }
wheels = [
    { url = "https://files.pythonhosted.org/packages/be/b8/0c56297e5f290de17e838c7e4ff338f5b94351c6566aed70ee197a671dc5/boto3_stubs-1.39.3-py3-none-any.whl", hash = "sha256:4daddb19374efa6d1bef7aded9cede0075f380722a9e60ab129ebba14ae66b69", size = 69196, upload-time = "2025-07-03T19:28:09.4Z" },
]

[package.optional-dependencies]
sqs = [
    { name = "mypy-boto3-sqs" },
]

[[package]]
name = "botocore"
version = "1.39.3"
source = { registry = "https://pypi.org/simple" }
dependencies = [
    { name = "jmespath" },
    { name = "python-dateutil" },
    { name = "urllib3" },
]
sdist = { url = "https://files.pythonhosted.org/packages/60/66/96e89cc261d75f0b8125436272c335c74d2a39df84504a0c3956adcd1301/botocore-1.39.3.tar.gz", hash = "sha256:da8f477e119f9f8a3aaa8b3c99d9c6856ed0a243680aa3a3fbbfc15a8d4093fb", size = 14132316, upload-time = "2025-07-03T19:25:49.502Z" }
wheels = [
    { url = "https://files.pythonhosted.org/packages/53/e4/3698dbb037a44d82a501577c6e3824c19f4289f4afbcadb06793866250d8/botocore-1.39.3-py3-none-any.whl", hash = "sha256:66a81cfac18ad5e9f47696c73fdf44cdbd8f8ca51ab3fca1effca0aabf61f02f", size = 13791724, upload-time = "2025-07-03T19:25:44.026Z" },
]

[[package]]
name = "botocore-stubs"
version = "1.38.46"
source = { registry = "https://pypi.org/simple" }
dependencies = [
    { name = "types-awscrt" },
]
sdist = { url = "https://files.pythonhosted.org/packages/05/45/27cabc7c3022dcb12de5098cc646b374065f5e72fae13600ff1756f365ee/botocore_stubs-1.38.46.tar.gz", hash = "sha256:a04e69766ab8bae338911c1897492f88d05cd489cd75f06e6eb4f135f9da8c7b", size = 42299, upload-time = "2025-06-29T22:58:24.765Z" }
wheels = [
    { url = "https://files.pythonhosted.org/packages/cc/84/06490071e26bab22ac79a684e98445df118adcf80c58c33ba5af184030f2/botocore_stubs-1.38.46-py3-none-any.whl", hash = "sha256:cc21d9a7dd994bdd90872db4664d817c4719b51cda8004fd507a4bf65b085a75", size = 66083, upload-time = "2025-06-29T22:58:22.234Z" },
]

[[package]]
name = "dstm"
version = "0.1.0"
source = { editable = "." }

[package.optional-dependencies]
amqp = [
    { name = "pika" },
]
kafka = [
    { name = "kafka-python" },
]
sqs = [
    { name = "boto3" },
]

[package.dev-dependencies]
dev = [
    { name = "boto3-stubs", extra = ["sqs"] },
]

[package.metadata]
requires-dist = [
    { name = "boto3", marker = "extra == 'sqs'", specifier = ">=1.39.3" },
    { name = "kafka-python", marker = "extra == 'kafka'", specifier = ">=2.2.15" },
    { name = "pika", marker = "extra == 'amqp'", specifier = ">=1.3.2" },
]
provides-extras = ["kafka", "amqp", "sqs"]

[package.metadata.requires-dev]
dev = [{ name = "boto3-stubs", extras = ["sqs"], specifier = ">=1.39.3" }]

[[package]]
name = "jmespath"
version = "1.0.1"
source = { registry = "https://pypi.org/simple" }
sdist = { url = "https://files.pythonhosted.org/packages/00/2a/e867e8531cf3e36b41201936b7fa7ba7b5702dbef42922193f05c8976cd6/jmespath-1.0.1.tar.gz", hash = "sha256:90261b206d6defd58fdd5e85f478bf633a2901798906be2ad389150c5c60edbe", size = 25843, upload-time = "2022-06-17T18:00:12.224Z" }
wheels = [
    { url = "https://files.pythonhosted.org/packages/31/b4/b9b800c45527aadd64d5b442f9b932b00648617eb5d63d2c7a6587b7cafc/jmespath-1.0.1-py3-none-any.whl", hash = "sha256:02e2e4cc71b5bcab88332eebf907519190dd9e6e82107fa7f83b1003a6252980", size = 20256, upload-time = "2022-06-17T18:00:10.251Z" },
]

[[package]]
name = "kafka-python"
version = "2.2.15"
source = { registry = "https://pypi.org/simple" }
sdist = { url = "https://files.pythonhosted.org/packages/da/67/1434436f3cb409443f72a4843b877ac2d9bf586a31a0e966cf1dc4dc9a94/kafka_python-2.2.15.tar.gz", hash = "sha256:e0f480a45f3814cb0eb705b8b4f61069e1be61dae0d8c69d0f1f2da33eea1bd5", size = 347870, upload-time = "2025-07-01T17:37:53.686Z" }
wheels = [
    { url = "https://files.pythonhosted.org/packages/e6/35/e8bfed5425e8fe685bd03ec3f5135ee8b88c11558baa59c0d12fbd2a20ae/kafka_python-2.2.15-py2.py3-none-any.whl", hash = "sha256:84c0993cd4f7f2f01e92d8104ea9bdf631aff72fc5e6ea62eb3bdf1d56528fc3", size = 309751, upload-time = "2025-07-01T17:37:51.87Z" },
]

[[package]]
name = "mypy-boto3-sqs"
version = "1.39.0"
source = { registry = "https://pypi.org/simple" }
dependencies = [
    { name = "typing-extensions", marker = "python_full_version < '3.12'" },
]
sdist = { url = "https://files.pythonhosted.org/packages/de/b6/eee43ff2f5fa42d7136ce30a0f4e4542cb99f7cb493991b71e7c0553d020/mypy_boto3_sqs-1.39.0.tar.gz", hash = "sha256:279d489e9b8ffb860f2dc6349608e9eb289ae0c8c3558739e9e62c595e456834", size = 23569, upload-time = "2025-06-30T19:49:23.748Z" }
wheels = [
    { url = "https://files.pythonhosted.org/packages/4d/98/815005cc2d8e75899c09eb0204e64232b852d9fe4a2f49f93e193574dc0f/mypy_boto3_sqs-1.39.0-py3-none-any.whl", hash = "sha256:ca434295143f811a9b8a1e9fd81f19a7213c3590ced5131cb648fc2107f4eaba", size = 33699, upload-time = "2025-06-30T19:49:21.201Z" },
]

[[package]]
name = "pika"
version = "1.3.2"
source = { registry = "https://pypi.org/simple" }
sdist = { url = "https://files.pythonhosted.org/packages/db/db/d4102f356af18f316c67f2cead8ece307f731dd63140e2c71f170ddacf9b/pika-1.3.2.tar.gz", hash = "sha256:b2a327ddddf8570b4965b3576ac77091b850262d34ce8c1d8cb4e4146aa4145f", size = 145029, upload-time = "2023-05-05T14:25:43.368Z" }
wheels = [
    { url = "https://files.pythonhosted.org/packages/f9/f3/f412836ec714d36f0f4ab581b84c491e3f42c6b5b97a6c6ed1817f3c16d0/pika-1.3.2-py3-none-any.whl", hash = "sha256:0779a7c1fafd805672796085560d290213a465e4f6f76a6fb19e378d8041a14f", size = 155415, upload-time = "2023-05-05T14:25:41.484Z" },
]

[[package]]
name = "python-dateutil"
version = "2.9.0.post0"
source = { registry = "https://pypi.org/simple" }
dependencies = [
    { name = "six" },
]
sdist = { url = "https://files.pythonhosted.org/packages/66/c0/0c8b6ad9f17a802ee498c46e004a0eb49bc148f2fd230864601a86dcf6db/python-dateutil-2.9.0.post0.tar.gz", hash = "sha256:37dd54208da7e1cd875388217d5e00ebd4179249f90fb72437e91a35459a0ad3", size = 342432, upload-time = "2024-03-01T18:36:20.211Z" }
wheels = [
    { url = "https://files.pythonhosted.org/packages/ec/57/56b9bcc3c9c6a792fcbaf139543cee77261f3651ca9da0c93f5c1221264b/python_dateutil-2.9.0.post0-py2.py3-none-any.whl", hash = "sha256:a8b2bc7bffae282281c8140a97d3aa9c14da0b136dfe83f850eea9a5f7470427", size = 229892, upload-time = "2024-03-01T18:36:18.57Z" },
]

[[package]]
name = "s3transfer"
version = "0.13.0"
source = { registry = "https://pypi.org/simple" }
dependencies = [
    { name = "botocore" },
]
sdist = { url = "https://files.pythonhosted.org/packages/ed/5d/9dcc100abc6711e8247af5aa561fc07c4a046f72f659c3adea9a449e191a/s3transfer-0.13.0.tar.gz", hash = "sha256:f5e6db74eb7776a37208001113ea7aa97695368242b364d73e91c981ac522177", size = 150232, upload-time = "2025-05-22T19:24:50.245Z" }
wheels = [
    { url = "https://files.pythonhosted.org/packages/18/17/22bf8155aa0ea2305eefa3a6402e040df7ebe512d1310165eda1e233c3f8/s3transfer-0.13.0-py3-none-any.whl", hash = "sha256:0148ef34d6dd964d0d8cf4311b2b21c474693e57c2e069ec708ce043d2b527be", size = 85152, upload-time = "2025-05-22T19:24:48.703Z" },
]

[[package]]
name = "six"
version = "1.17.0"
source = { registry = "https://pypi.org/simple" }
sdist = { url = "https://files.pythonhosted.org/packages/94/e7/b2c673351809dca68a0e064b6af791aa332cf192da575fd474ed7d6f16a2/six-1.17.0.tar.gz", hash = "sha256:ff70335d468e7eb6ec65b95b99d3a2836546063f63acc5171de367e834932a81", size = 34031, upload-time = "2024-12-04T17:35:28.174Z" }
wheels = [
    { url = "https://files.pythonhosted.org/packages/b7/ce/149a00dd41f10bc29e5921b496af8b574d8413afcd5e30dfa0ed46c2cc5e/six-1.17.0-py2.py3-none-any.whl", hash = "sha256:4721f391ed90541fddacab5acf947aa0d3dc7d27b2e1e8eda2be8970586c3274", size = 11050, upload-time = "2024-12-04T17:35:26.475Z" },
]

[[package]]
name = "types-awscrt"
version = "0.27.4"
source = { registry = "https://pypi.org/simple" }
sdist = { url = "https://files.pythonhosted.org/packages/94/95/02564024f8668feab6733a2c491005b5281b048b3d0573510622cbcd9fd4/types_awscrt-0.27.4.tar.gz", hash = "sha256:c019ba91a097e8a31d6948f6176ede1312963f41cdcacf82482ac877cbbcf390", size = 16941, upload-time = "2025-06-29T22:58:04.756Z" }
wheels = [
    { url = "https://files.pythonhosted.org/packages/d4/40/cb4d04df4ac3520858f5b397a4ab89f34be2601000002a26edd8ddc0cac5/types_awscrt-0.27.4-py3-none-any.whl", hash = "sha256:a8c4b9d9ae66d616755c322aba75ab9bd793c6fef448917e6de2e8b8cdf66fb4", size = 39626, upload-time = "2025-06-29T22:58:03.157Z" },
]

[[package]]
name = "types-s3transfer"
version = "0.13.0"
source = { registry = "https://pypi.org/simple" }
sdist = { url = "https://files.pythonhosted.org/packages/42/c1/45038f259d6741c252801044e184fec4dbaeff939a58f6160d7c32bf4975/types_s3transfer-0.13.0.tar.gz", hash = "sha256:203dadcb9865c2f68fb44bc0440e1dc05b79197ba4a641c0976c26c9af75ef52", size = 14175, upload-time = "2025-05-28T02:16:07.614Z" }
wheels = [
    { url = "https://files.pythonhosted.org/packages/c8/5d/6bbe4bf6a79fb727945291aef88b5ecbdba857a603f1bbcf1a6be0d3f442/types_s3transfer-0.13.0-py3-none-any.whl", hash = "sha256:79c8375cbf48a64bff7654c02df1ec4b20d74f8c5672fc13e382f593ca5565b3", size = 19588, upload-time = "2025-05-28T02:16:06.709Z" },
]

[[package]]
name = "typing-extensions"
version = "4.14.1"
source = { registry = "https://pypi.org/simple" }
sdist = { url = "https://files.pythonhosted.org/packages/98/5a/da40306b885cc8c09109dc2e1abd358d5684b1425678151cdaed4731c822/typing_extensions-4.14.1.tar.gz", hash = "sha256:38b39f4aeeab64884ce9f74c94263ef78f3c22467c8724005483154c26648d36", size = 107673, upload-time = "2025-07-04T13:28:34.16Z" }
wheels = [
    { url = "https://files.pythonhosted.org/packages/b5/00/d631e67a838026495268c2f6884f3711a15a9a2a96cd244fdaea53b823fb/typing_extensions-4.14.1-py3-none-any.whl", hash = "sha256:d1e1e3b58374dc93031d6eda2420a48ea44a36c2b4766a4fdeb3710755731d76", size = 43906, upload-time = "2025-07-04T13:28:32.743Z" },
]

[[package]]
name = "urllib3"
version = "2.5.0"
source = { registry = "https://pypi.org/simple" }
sdist = { url = "https://files.pythonhosted.org/packages/15/22/9ee70a2574a4f4599c47dd506532914ce044817c7752a79b6a51286319bc/urllib3-2.5.0.tar.gz", hash = "sha256:3fc47733c7e419d4bc3f6b3dc2b4f890bb743906a30d56ba4a5bfa4bbff92760", size = 393185, upload-time = "2025-06-18T14:07:41.644Z" }
wheels = [
    { url = "https://files.pythonhosted.org/packages/a7/c2/fe1e52489ae3122415c51f387e221dd0773709bad6c6cdaa599e8a2c5185/urllib3-2.5.0-py3-none-any.whl", hash = "sha256:e6b01673c0fa6a13e374b50871808eb3bf7046c4b125b216f6bf1cc604cff0dc", size = 129795, upload-time = "2025-06-18T14:07:40.39Z" },
]
